
Microsoft Visual Studio Solution File, Format Version 12.00
# Visual Studio Version 17
VisualStudioVersion = 17.2.32602.215
MinimumVisualStudioVersion = 10.0.40219.1
Project("{FAE04EC0-301F-11D3-BF4B-00C04F79EFBC}") = "models", "models\models.csproj", "{741C81DF-A985-456B-A171-9883FCCDC37B}"
EndProject
Project("{FAE04EC0-301F-11D3-BF4B-00C04F79EFBC}") = "api-customer", "api-customer\api-customer.csproj", "{C2C9E7B7-EF82-4909-9312-5BA8DE003375}"
EndProject
Project("{FAE04EC0-301F-11D3-BF4B-00C04F79EFBC}") = "api-product", "api-product\api-product.csproj", "{7130E61D-4B3B-4082-ADB3-E871F3D0ED55}"
EndProject
Project("{FAE04EC0-301F-11D3-BF4B-00C04F79EFBC}") = "api-sales", "api-sales\api-sales.csproj", "{EA5AA235-734F-48E0-BB45-55731A20F1BD}"
EndProject
Project("{FAE04EC0-301F-11D3-BF4B-00C04F79EFBC}") = "api-orchestrator", "api-orchestrator\api-orchestrator.csproj", "{3838F53D-9EB3-4D9F-AC95-4BFDDAAC67A5}"
EndProject
Project("{FAE04EC0-301F-11D3-BF4B-00C04F79EFBC}") = "api-web", "api-web\api-web.csproj", "{4A8FA68D-FB0D-4649-9391-2C69A8314EC9}"
EndProject
Global
	GlobalSection(SolutionConfigurationPlatforms) = preSolution
		Debug|Any CPU = Debug|Any CPU
		Release|Any CPU = Release|Any CPU
	EndGlobalSection
	GlobalSection(ProjectConfigurationPlatforms) = postSolution
		{741C81DF-A985-456B-A171-9883FCCDC37B}.Debug|Any CPU.ActiveCfg = Debug|Any CPU
		{741C81DF-A985-456B-A171-9883FCCDC37B}.Debug|Any CPU.Build.0 = Debug|Any CPU
		{741C81DF-A985-456B-A171-9883FCCDC37B}.Release|Any CPU.ActiveCfg = Release|Any CPU
		{741C81DF-A985-456B-A171-9883FCCDC37B}.Release|Any CPU.Build.0 = Release|Any CPU
		{C2C9E7B7-EF82-4909-9312-5BA8DE003375}.Debug|Any CPU.ActiveCfg = Debug|Any CPU
		{C2C9E7B7-EF82-4909-9312-5BA8DE003375}.Debug|Any CPU.Build.0 = Debug|Any CPU
		{C2C9E7B7-EF82-4909-9312-5BA8DE003375}.Release|Any CPU.ActiveCfg = Release|Any CPU
		{C2C9E7B7-EF82-4909-9312-5BA8DE003375}.Release|Any CPU.Build.0 = Release|Any CPU
		{7130E61D-4B3B-4082-ADB3-E871F3D0ED55}.Debug|Any CPU.ActiveCfg = Debug|Any CPU
		{7130E61D-4B3B-4082-ADB3-E871F3D0ED55}.Debug|Any CPU.Build.0 = Debug|Any CPU
		{7130E61D-4B3B-4082-ADB3-E871F3D0ED55}.Release|Any CPU.ActiveCfg = Release|Any CPU
		{7130E61D-4B3B-4082-ADB3-E871F3D0ED55}.Release|Any CPU.Build.0 = Release|Any CPU
		{EA5AA235-734F-48E0-BB45-55731A20F1BD}.Debug|Any CPU.ActiveCfg = Debug|Any CPU
		{EA5AA235-734F-48E0-BB45-55731A20F1BD}.Debug|Any CPU.Build.0 = Debug|Any CPU
		{EA5AA235-734F-48E0-BB45-55731A20F1BD}.Release|Any CPU.ActiveCfg = Release|Any CPU
		{EA5AA235-734F-48E0-BB45-55731A20F1BD}.Release|Any CPU.Build.0 = Release|Any CPU
		{3838F53D-9EB3-4D9F-AC95-4BFDDAAC67A5}.Debug|Any CPU.ActiveCfg = Debug|Any CPU
		{3838F53D-9EB3-4D9F-AC95-4BFDDAAC67A5}.Debug|Any CPU.Build.0 = Debug|Any CPU
		{3838F53D-9EB3-4D9F-AC95-4BFDDAAC67A5}.Release|Any CPU.ActiveCfg = Release|Any CPU
		{3838F53D-9EB3-4D9F-AC95-4BFDDAAC67A5}.Release|Any CPU.Build.0 = Release|Any CPU
		{4A8FA68D-FB0D-4649-9391-2C69A8314EC9}.Debug|Any CPU.ActiveCfg = Debug|Any CPU
		{4A8FA68D-FB0D-4649-9391-2C69A8314EC9}.Debug|Any CPU.Build.0 = Debug|Any CPU
		{4A8FA68D-FB0D-4649-9391-2C69A8314EC9}.Release|Any CPU.ActiveCfg = Release|Any CPU
		{4A8FA68D-FB0D-4649-9391-2C69A8314EC9}.Release|Any CPU.Build.0 = Release|Any CPU
	EndGlobalSection
	GlobalSection(SolutionProperties) = preSolution
		HideSolutionNode = FALSE
	EndGlobalSection
	GlobalSection(ExtensibilityGlobals) = postSolution
		SolutionGuid = {D94B352B-8645-469F-A189-D89F5A299631}
	EndGlobalSection
EndGlobal
